
Microsoft Visual Studio Solution File, Format Version 12.00
# Visual Studio Version 16
VisualStudioVersion = 16.0.30114.105
MinimumVisualStudioVersion = 10.0.40219.1
Project("{FAE04EC0-301F-11D3-BF4B-00C04F79EFBC}") = "StringLibrary", "StringLibrary\StringLibrary.csproj", "{ECDD09AC-380E-438B-A5F4-39436C25C17D}"
EndProject
Project("{FAE04EC0-301F-11D3-BF4B-00C04F79EFBC}") = "ShowCase", "ShowCase\ShowCase.csproj", "{28DB7CFD-2A6B-4687-A49D-31C232A2FBDD}"
EndProject
Project("{FAE04EC0-301F-11D3-BF4B-00C04F79EFBC}") = "StringLibraryTest", "StringLibraryTest\StringLibraryTest.csproj", "{8C834EDB-E7E8-4578-A93C-A10F78488B5D}"
EndProject
Global
	GlobalSection(SolutionConfigurationPlatforms) = preSolution
		Debug|Any CPU = Debug|Any CPU
		Release|Any CPU = Release|Any CPU
	EndGlobalSection
	GlobalSection(SolutionProperties) = preSolution
		HideSolutionNode = FALSE
	EndGlobalSection
	GlobalSection(ProjectConfigurationPlatforms) = postSolution
		{ECDD09AC-380E-438B-A5F4-39436C25C17D}.Debug|Any CPU.ActiveCfg = Debug|Any CPU
		{ECDD09AC-380E-438B-A5F4-39436C25C17D}.Debug|Any CPU.Build.0 = Debug|Any CPU
		{ECDD09AC-380E-438B-A5F4-39436C25C17D}.Release|Any CPU.ActiveCfg = Release|Any CPU
		{ECDD09AC-380E-438B-A5F4-39436C25C17D}.Release|Any CPU.Build.0 = Release|Any CPU
		{28DB7CFD-2A6B-4687-A49D-31C232A2FBDD}.Debug|Any CPU.ActiveCfg = Debug|Any CPU
		{28DB7CFD-2A6B-4687-A49D-31C232A2FBDD}.Debug|Any CPU.Build.0 = Debug|Any CPU
		{28DB7CFD-2A6B-4687-A49D-31C232A2FBDD}.Release|Any CPU.ActiveCfg = Release|Any CPU
		{28DB7CFD-2A6B-4687-A49D-31C232A2FBDD}.Release|Any CPU.Build.0 = Release|Any CPU
		{8C834EDB-E7E8-4578-A93C-A10F78488B5D}.Debug|Any CPU.ActiveCfg = Debug|Any CPU
		{8C834EDB-E7E8-4578-A93C-A10F78488B5D}.Debug|Any CPU.Build.0 = Debug|Any CPU
		{8C834EDB-E7E8-4578-A93C-A10F78488B5D}.Release|Any CPU.ActiveCfg = Release|Any CPU
		{8C834EDB-E7E8-4578-A93C-A10F78488B5D}.Release|Any CPU.Build.0 = Release|Any CPU
	EndGlobalSection
EndGlobal
